// !$*UTF8*$!
{
	archiveVersion = 1;
	classes = {
	};
	objectVersion = 55;
	objects = {

/* Begin PBXBuildFile section */
		600474BAFF9DC048FB418732 /* Pods_Movies.framework in Frameworks */ = {isa = PBXBuildFile; fileRef = 7C923F7A84F24768106195CE /* Pods_Movies.framework */; };
		BA10EED928E3671F001EE523 /* Toaster.swift in Sources */ = {isa = PBXBuildFile; fileRef = BA10EED828E3671F001EE523 /* Toaster.swift */; };
		BA10EEDE28E36782001EE523 /* ApiClient.swift in Sources */ = {isa = PBXBuildFile; fileRef = BA10EEDD28E36782001EE523 /* ApiClient.swift */; };
		BA10EEE028E3679E001EE523 /* HttpNetworkRoute.swift in Sources */ = {isa = PBXBuildFile; fileRef = BA10EEDF28E3679E001EE523 /* HttpNetworkRoute.swift */; };
		BA10EEE328E367D4001EE523 /* BaseModel.swift in Sources */ = {isa = PBXBuildFile; fileRef = BA10EEE228E367D4001EE523 /* BaseModel.swift */; };
		BA10EEE528E367F0001EE523 /* Resource.swift in Sources */ = {isa = PBXBuildFile; fileRef = BA10EEE428E367F0001EE523 /* Resource.swift */; };
		BA10EEE728E36807001EE523 /* MovieListModel.swift in Sources */ = {isa = PBXBuildFile; fileRef = BA10EEE628E36807001EE523 /* MovieListModel.swift */; };
		BA10EEEA28E36883001EE523 /* UIViewController + Ext.swift in Sources */ = {isa = PBXBuildFile; fileRef = BA10EEE928E36883001EE523 /* UIViewController + Ext.swift */; };
		BA10EEEC28E36896001EE523 /* UIView + Ext.swift in Sources */ = {isa = PBXBuildFile; fileRef = BA10EEEB28E36896001EE523 /* UIView + Ext.swift */; };
		BA10EEEE28E368C2001EE523 /* UserDefaults+Ext.swift in Sources */ = {isa = PBXBuildFile; fileRef = BA10EEED28E368C2001EE523 /* UserDefaults+Ext.swift */; };
		BA10EEF028E368F5001EE523 /* MoviesListViewController.swift in Sources */ = {isa = PBXBuildFile; fileRef = BA10EEEF28E368F5001EE523 /* MoviesListViewController.swift */; };
		BA10EEF228E36908001EE523 /* MoviesDetailsViewController.swift in Sources */ = {isa = PBXBuildFile; fileRef = BA10EEF128E36908001EE523 /* MoviesDetailsViewController.swift */; };
		BA10EEF528E3694E001EE523 /* MoviesViewModel.swift in Sources */ = {isa = PBXBuildFile; fileRef = BA10EEF428E3694E001EE523 /* MoviesViewModel.swift */; };
		BA10EEF828E369F3001EE523 /* MoviesListTvc.swift in Sources */ = {isa = PBXBuildFile; fileRef = BA10EEF728E369F3001EE523 /* MoviesListTvc.swift */; };
		BA4292F828E297C90045F44B /* AppDelegate.swift in Sources */ = {isa = PBXBuildFile; fileRef = BA4292F728E297C90045F44B /* AppDelegate.swift */; };
		BA4292FA28E297C90045F44B /* SceneDelegate.swift in Sources */ = {isa = PBXBuildFile; fileRef = BA4292F928E297C90045F44B /* SceneDelegate.swift */; };
		BA4292FF28E297C90045F44B /* Main.storyboard in Resources */ = {isa = PBXBuildFile; fileRef = BA4292FD28E297C90045F44B /* Main.storyboard */; };
		BA42930128E297CD0045F44B /* Assets.xcassets in Resources */ = {isa = PBXBuildFile; fileRef = BA42930028E297CD0045F44B /* Assets.xcassets */; };
		BA42930428E297CD0045F44B /* LaunchScreen.storyboard in Resources */ = {isa = PBXBuildFile; fileRef = BA42930228E297CD0045F44B /* LaunchScreen.storyboard */; };
		BA92893B28E370C50007ACE4 /* AppStoryboard.swift in Sources */ = {isa = PBXBuildFile; fileRef = BA92893A28E370C50007ACE4 /* AppStoryboard.swift */; };
/* End PBXBuildFile section */

/* Begin PBXFileReference section */
		5D7314AF167587CADE3682FF /* Pods-Movies.debug.xcconfig */ = {isa = PBXFileReference; includeInIndex = 1; lastKnownFileType = text.xcconfig; name = "Pods-Movies.debug.xcconfig"; path = "Target Support Files/Pods-Movies/Pods-Movies.debug.xcconfig"; sourceTree = "<group>"; };
		7C923F7A84F24768106195CE /* Pods_Movies.framework */ = {isa = PBXFileReference; explicitFileType = wrapper.framework; includeInIndex = 0; path = Pods_Movies.framework; sourceTree = BUILT_PRODUCTS_DIR; };
		BA10EED828E3671F001EE523 /* Toaster.swift */ = {isa = PBXFileReference; lastKnownFileType = sourcecode.swift; path = Toaster.swift; sourceTree = "<group>"; };
		BA10EEDD28E36782001EE523 /* ApiClient.swift */ = {isa = PBXFileReference; lastKnownFileType = sourcecode.swift; path = ApiClient.swift; sourceTree = "<group>"; };
		BA10EEDF28E3679E001EE523 /* HttpNetworkRoute.swift */ = {isa = PBXFileReference; lastKnownFileType = sourcecode.swift; path = HttpNetworkRoute.swift; sourceTree = "<group>"; };
		BA10EEE228E367D4001EE523 /* BaseModel.swift */ = {isa = PBXFileReference; lastKnownFileType = sourcecode.swift; path = BaseModel.swift; sourceTree = "<group>"; };
		BA10EEE428E367F0001EE523 /* Resource.swift */ = {isa = PBXFileReference; lastKnownFileType = sourcecode.swift; path = Resource.swift; sourceTree = "<group>"; };
		BA10EEE628E36807001EE523 /* MovieListModel.swift */ = {isa = PBXFileReference; lastKnownFileType = sourcecode.swift; path = MovieListModel.swift; sourceTree = "<group>"; };
		BA10EEE928E36883001EE523 /* UIViewController + Ext.swift */ = {isa = PBXFileReference; lastKnownFileType = sourcecode.swift; path = "UIViewController + Ext.swift"; sourceTree = "<group>"; };
		BA10EEEB28E36896001EE523 /* UIView + Ext.swift */ = {isa = PBXFileReference; lastKnownFileType = sourcecode.swift; path = "UIView + Ext.swift"; sourceTree = "<group>"; };
		BA10EEED28E368C2001EE523 /* UserDefaults+Ext.swift */ = {isa = PBXFileReference; lastKnownFileType = sourcecode.swift; path = "UserDefaults+Ext.swift"; sourceTree = "<group>"; };
		BA10EEEF28E368F5001EE523 /* MoviesListViewController.swift */ = {isa = PBXFileReference; lastKnownFileType = sourcecode.swift; path = MoviesListViewController.swift; sourceTree = "<group>"; };
		BA10EEF128E36908001EE523 /* MoviesDetailsViewController.swift */ = {isa = PBXFileReference; lastKnownFileType = sourcecode.swift; path = MoviesDetailsViewController.swift; sourceTree = "<group>"; };
		BA10EEF428E3694E001EE523 /* MoviesViewModel.swift */ = {isa = PBXFileReference; lastKnownFileType = sourcecode.swift; path = MoviesViewModel.swift; sourceTree = "<group>"; };
		BA10EEF728E369F3001EE523 /* MoviesListTvc.swift */ = {isa = PBXFileReference; lastKnownFileType = sourcecode.swift; path = MoviesListTvc.swift; sourceTree = "<group>"; };
		BA4292F428E297C90045F44B /* Movies.app */ = {isa = PBXFileReference; explicitFileType = wrapper.application; includeInIndex = 0; path = Movies.app; sourceTree = BUILT_PRODUCTS_DIR; };
		BA4292F728E297C90045F44B /* AppDelegate.swift */ = {isa = PBXFileReference; lastKnownFileType = sourcecode.swift; path = AppDelegate.swift; sourceTree = "<group>"; };
		BA4292F928E297C90045F44B /* SceneDelegate.swift */ = {isa = PBXFileReference; lastKnownFileType = sourcecode.swift; path = SceneDelegate.swift; sourceTree = "<group>"; };
		BA4292FE28E297C90045F44B /* Base */ = {isa = PBXFileReference; lastKnownFileType = file.storyboard; name = Base; path = Base.lproj/Main.storyboard; sourceTree = "<group>"; };
		BA42930028E297CD0045F44B /* Assets.xcassets */ = {isa = PBXFileReference; lastKnownFileType = folder.assetcatalog; path = Assets.xcassets; sourceTree = "<group>"; };
		BA42930328E297CD0045F44B /* Base */ = {isa = PBXFileReference; lastKnownFileType = file.storyboard; name = Base; path = Base.lproj/LaunchScreen.storyboard; sourceTree = "<group>"; };
		BA42930528E297CD0045F44B /* Info.plist */ = {isa = PBXFileReference; lastKnownFileType = text.plist.xml; path = Info.plist; sourceTree = "<group>"; };
		BA92893A28E370C50007ACE4 /* AppStoryboard.swift */ = {isa = PBXFileReference; lastKnownFileType = sourcecode.swift; path = AppStoryboard.swift; sourceTree = "<group>"; };
		C147E1524CD4E2026257AB7A /* Pods-Movies.release.xcconfig */ = {isa = PBXFileReference; includeInIndex = 1; lastKnownFileType = text.xcconfig; name = "Pods-Movies.release.xcconfig"; path = "Target Support Files/Pods-Movies/Pods-Movies.release.xcconfig"; sourceTree = "<group>"; };
/* End PBXFileReference section */

/* Begin PBXFrameworksBuildPhase section */
		BA4292F128E297C90045F44B /* Frameworks */ = {
			isa = PBXFrameworksBuildPhase;
			buildActionMask = 2147483647;
			files = (
				600474BAFF9DC048FB418732 /* Pods_Movies.framework in Frameworks */,
			);
			runOnlyForDeploymentPostprocessing = 0;
		};
/* End PBXFrameworksBuildPhase section */

/* Begin PBXGroup section */
		1DF756173452CE742345EDD8 /* Pods */ = {
			isa = PBXGroup;
			children = (
				5D7314AF167587CADE3682FF /* Pods-Movies.debug.xcconfig */,
				C147E1524CD4E2026257AB7A /* Pods-Movies.release.xcconfig */,
			);
			path = Pods;
			sourceTree = "<group>";
		};
		768712A7972EE80365775C20 /* Frameworks */ = {
			isa = PBXGroup;
			children = (
				7C923F7A84F24768106195CE /* Pods_Movies.framework */,
			);
			name = Frameworks;
			sourceTree = "<group>";
		};
		BA10EED728E3670A001EE523 /* Toaster */ = {
			isa = PBXGroup;
			children = (
				BA10EED828E3671F001EE523 /* Toaster.swift */,
			);
			path = Toaster;
			sourceTree = "<group>";
		};
		BA10EEDA28E36740001EE523 /* Networking */ = {
			isa = PBXGroup;
			children = (
				BA10EEDC28E3675E001EE523 /* Services */,
				BA10EEDB28E36754001EE523 /* Https */,
			);
			path = Networking;
			sourceTree = "<group>";
		};
		BA10EEDB28E36754001EE523 /* Https */ = {
			isa = PBXGroup;
			children = (
				BA10EEDF28E3679E001EE523 /* HttpNetworkRoute.swift */,
			);
			path = Https;
			sourceTree = "<group>";
		};
		BA10EEDC28E3675E001EE523 /* Services */ = {
			isa = PBXGroup;
			children = (
				BA10EEDD28E36782001EE523 /* ApiClient.swift */,
			);
			path = Services;
			sourceTree = "<group>";
		};
		BA10EEE128E367C1001EE523 /* Model */ = {
			isa = PBXGroup;
			children = (
				BA10EEE228E367D4001EE523 /* BaseModel.swift */,
				BA10EEE428E367F0001EE523 /* Resource.swift */,
				BA10EEE628E36807001EE523 /* MovieListModel.swift */,
			);
			path = Model;
			sourceTree = "<group>";
		};
		BA10EEE828E36862001EE523 /* Extension */ = {
			isa = PBXGroup;
			children = (
				BA10EEE928E36883001EE523 /* UIViewController + Ext.swift */,
				BA10EEEB28E36896001EE523 /* UIView + Ext.swift */,
				BA10EEED28E368C2001EE523 /* UserDefaults+Ext.swift */,
				BA92893A28E370C50007ACE4 /* AppStoryboard.swift */,
			);
			path = Extension;
			sourceTree = "<group>";
		};
		BA10EEF328E36939001EE523 /* ViewModel */ = {
			isa = PBXGroup;
			children = (
				BA10EEF428E3694E001EE523 /* MoviesViewModel.swift */,
			);
			path = ViewModel;
			sourceTree = "<group>";
		};
		BA10EEF628E369E4001EE523 /* Cells */ = {
			isa = PBXGroup;
			children = (
				BA10EEF728E369F3001EE523 /* MoviesListTvc.swift */,
			);
			path = Cells;
			sourceTree = "<group>";
		};
		BA4292EB28E297C90045F44B = {
			isa = PBXGroup;
			children = (
				BA4292F628E297C90045F44B /* Movies */,
				BA4292F528E297C90045F44B /* Products */,
				1DF756173452CE742345EDD8 /* Pods */,
				768712A7972EE80365775C20 /* Frameworks */,
			);
			sourceTree = "<group>";
		};
		BA4292F528E297C90045F44B /* Products */ = {
			isa = PBXGroup;
			children = (
				BA4292F428E297C90045F44B /* Movies.app */,
			);
			name = Products;
			sourceTree = "<group>";
		};
		BA4292F628E297C90045F44B /* Movies */ = {
			isa = PBXGroup;
			children = (
				BA10EEF628E369E4001EE523 /* Cells */,
				BA10EED728E3670A001EE523 /* Toaster */,
				BA10EEDA28E36740001EE523 /* Networking */,
				BA10EEE128E367C1001EE523 /* Model */,
				BA10EEF328E36939001EE523 /* ViewModel */,
				BA42930C28E298620045F44B /* ViewController */,
				BA42930B28E298450045F44B /* Helper */,
				BA10EEE828E36862001EE523 /* Extension */,
				BA42930D28E2986D0045F44B /* StoryBoard */,
				BA42930E28E298830045F44B /* Resources */,
			);
			path = Movies;
			sourceTree = "<group>";
		};
		BA42930B28E298450045F44B /* Helper */ = {
			isa = PBXGroup;
			children = (
				BA4292F728E297C90045F44B /* AppDelegate.swift */,
				BA4292F928E297C90045F44B /* SceneDelegate.swift */,
			);
			path = Helper;
			sourceTree = "<group>";
		};
		BA42930C28E298620045F44B /* ViewController */ = {
			isa = PBXGroup;
			children = (
				BA10EEEF28E368F5001EE523 /* MoviesListViewController.swift */,
				BA10EEF128E36908001EE523 /* MoviesDetailsViewController.swift */,
			);
			path = ViewController;
			sourceTree = "<group>";
		};
		BA42930D28E2986D0045F44B /* StoryBoard */ = {
			isa = PBXGroup;
			children = (
				BA4292FD28E297C90045F44B /* Main.storyboard */,
				BA42930228E297CD0045F44B /* LaunchScreen.storyboard */,
			);
			path = StoryBoard;
			sourceTree = "<group>";
		};
		BA42930E28E298830045F44B /* Resources */ = {
			isa = PBXGroup;
			children = (
				BA42930028E297CD0045F44B /* Assets.xcassets */,
				BA42930528E297CD0045F44B /* Info.plist */,
			);
			path = Resources;
			sourceTree = "<group>";
		};
/* End PBXGroup section */

/* Begin PBXNativeTarget section */
		BA4292F328E297C90045F44B /* Movies */ = {
			isa = PBXNativeTarget;
			buildConfigurationList = BA42930828E297CD0045F44B /* Build configuration list for PBXNativeTarget "Movies" */;
			buildPhases = (
				D6812352BBD07DEF25AF6293 /* [CP] Check Pods Manifest.lock */,
				BA4292F028E297C90045F44B /* Sources */,
				BA4292F128E297C90045F44B /* Frameworks */,
				BA4292F228E297C90045F44B /* Resources */,
				23A0F8FF58ACE552B40E0574 /* [CP] Embed Pods Frameworks */,
			);
			buildRules = (
			);
			dependencies = (
			);
			name = Movies;
			productName = Movies;
			productReference = BA4292F428E297C90045F44B /* Movies.app */;
			productType = "com.apple.product-type.application";
		};
/* End PBXNativeTarget section */

/* Begin PBXProject section */
		BA4292EC28E297C90045F44B /* Project object */ = {
			isa = PBXProject;
			attributes = {
				BuildIndependentTargetsInParallel = 1;
				LastSwiftUpdateCheck = 1330;
				LastUpgradeCheck = 1330;
				TargetAttributes = {
					BA4292F328E297C90045F44B = {
						CreatedOnToolsVersion = 13.3.1;
					};
				};
			};
			buildConfigurationList = BA4292EF28E297C90045F44B /* Build configuration list for PBXProject "Movies" */;
			compatibilityVersion = "Xcode 13.0";
			developmentRegion = en;
			hasScannedForEncodings = 0;
			knownRegions = (
				en,
				Base,
			);
			mainGroup = BA4292EB28E297C90045F44B;
			productRefGroup = BA4292F528E297C90045F44B /* Products */;
			projectDirPath = "";
			projectRoot = "";
			targets = (
				BA4292F328E297C90045F44B /* Movies */,
			);
		};
/* End PBXProject section */

/* Begin PBXResourcesBuildPhase section */
		BA4292F228E297C90045F44B /* Resources */ = {
			isa = PBXResourcesBuildPhase;
			buildActionMask = 2147483647;
			files = (
				BA42930428E297CD0045F44B /* LaunchScreen.storyboard in Resources */,
				BA42930128E297CD0045F44B /* Assets.xcassets in Resources */,
				BA4292FF28E297C90045F44B /* Main.storyboard in Resources */,
			);
			runOnlyForDeploymentPostprocessing = 0;
		};
/* End PBXResourcesBuildPhase section */

/* Begin PBXShellScriptBuildPhase section */
		23A0F8FF58ACE552B40E0574 /* [CP] Embed Pods Frameworks */ = {
			isa = PBXShellScriptBuildPhase;
			buildActionMask = 2147483647;
			files = (
			);
			inputFileListPaths = (
				"${PODS_ROOT}/Target Support Files/Pods-Movies/Pods-Movies-frameworks-${CONFIGURATION}-input-files.xcfilelist",
			);
			name = "[CP] Embed Pods Frameworks";
			outputFileListPaths = (
				"${PODS_ROOT}/Target Support Files/Pods-Movies/Pods-Movies-frameworks-${CONFIGURATION}-output-files.xcfilelist",
			);
			runOnlyForDeploymentPostprocessing = 0;
			shellPath = /bin/sh;
			shellScript = "\"${PODS_ROOT}/Target Support Files/Pods-Movies/Pods-Movies-frameworks.sh\"\n";
			showEnvVarsInLog = 0;
		};
		D6812352BBD07DEF25AF6293 /* [CP] Check Pods Manifest.lock */ = {
			isa = PBXShellScriptBuildPhase;
			buildActionMask = 2147483647;
			files = (
			);
			inputFileListPaths = (
			);
			inputPaths = (
				"${PODS_PODFILE_DIR_PATH}/Podfile.lock",
				"${PODS_ROOT}/Manifest.lock",
			);
			name = "[CP] Check Pods Manifest.lock";
			outputFileListPaths = (
			);
			outputPaths = (
				"$(DERIVED_FILE_DIR)/Pods-Movies-checkManifestLockResult.txt",
			);
			runOnlyForDeploymentPostprocessing = 0;
			shellPath = /bin/sh;
			shellScript = "diff \"${PODS_PODFILE_DIR_PATH}/Podfile.lock\" \"${PODS_ROOT}/Manifest.lock\" > /dev/null\nif [ $? != 0 ] ; then\n    # print error to STDERR\n    echo \"error: The sandbox is not in sync with the Podfile.lock. Run 'pod install' or update your CocoaPods installation.\" >&2\n    exit 1\nfi\n# This output is used by Xcode 'outputs' to avoid re-running this script phase.\necho \"SUCCESS\" > \"${SCRIPT_OUTPUT_FILE_0}\"\n";
			showEnvVarsInLog = 0;
		};
/* End PBXShellScriptBuildPhase section */

/* Begin PBXSourcesBuildPhase section */
		BA4292F028E297C90045F44B /* Sources */ = {
			isa = PBXSourcesBuildPhase;
			buildActionMask = 2147483647;
			files = (
				BA10EEE728E36807001EE523 /* MovieListModel.swift in Sources */,
				BA10EEE528E367F0001EE523 /* Resource.swift in Sources */,
				BA10EEEC28E36896001EE523 /* UIView + Ext.swift in Sources */,
				BA4292F828E297C90045F44B /* AppDelegate.swift in Sources */,
				BA10EEE328E367D4001EE523 /* BaseModel.swift in Sources */,
				BA10EEF228E36908001EE523 /* MoviesDetailsViewController.swift in Sources */,
				BA10EEE028E3679E001EE523 /* HttpNetworkRoute.swift in Sources */,
				BA10EED928E3671F001EE523 /* Toaster.swift in Sources */,
				BA92893B28E370C50007ACE4 /* AppStoryboard.swift in Sources */,
				BA10EEEE28E368C2001EE523 /* UserDefaults+Ext.swift in Sources */,
				BA4292FA28E297C90045F44B /* SceneDelegate.swift in Sources */,
				BA10EEF828E369F3001EE523 /* MoviesListTvc.swift in Sources */,
				BA10EEF028E368F5001EE523 /* MoviesListViewController.swift in Sources */,
				BA10EEF528E3694E001EE523 /* MoviesViewModel.swift in Sources */,
				BA10EEEA28E36883001EE523 /* UIViewController + Ext.swift in Sources */,
				BA10EEDE28E36782001EE523 /* ApiClient.swift in Sources */,
			);
			runOnlyForDeploymentPostprocessing = 0;
		};
/* End PBXSourcesBuildPhase section */

/* Begin PBXVariantGroup section */
		BA4292FD28E297C90045F44B /* Main.storyboard */ = {
			isa = PBXVariantGroup;
			children = (
				BA4292FE28E297C90045F44B /* Base */,
			);
			name = Main.storyboard;
			sourceTree = "<group>";
		};
		BA42930228E297CD0045F44B /* LaunchScreen.storyboard */ = {
			isa = PBXVariantGroup;
			children = (
				BA42930328E297CD0045F44B /* Base */,
			);
			name = LaunchScreen.storyboard;
			sourceTree = "<group>";
		};
/* End PBXVariantGroup section */

/* Begin XCBuildConfiguration section */
		BA42930628E297CD0045F44B /* Debug */ = {
			isa = XCBuildConfiguration;
			buildSettings = {
				ALWAYS_SEARCH_USER_PATHS = NO;
				CLANG_ANALYZER_NONNULL = YES;
				CLANG_ANALYZER_NUMBER_OBJECT_CONVERSION = YES_AGGRESSIVE;
				CLANG_CXX_LANGUAGE_STANDARD = "gnu++17";
				CLANG_ENABLE_MODULES = YES;
				CLANG_ENABLE_OBJC_ARC = YES;
				CLANG_ENABLE_OBJC_WEAK = YES;
				CLANG_WARN_BLOCK_CAPTURE_AUTORELEASING = YES;
				CLANG_WARN_BOOL_CONVERSION = YES;
				CLANG_WARN_COMMA = YES;
				CLANG_WARN_CONSTANT_CONVERSION = YES;
				CLANG_WARN_DEPRECATED_OBJC_IMPLEMENTATIONS = YES;
				CLANG_WARN_DIRECT_OBJC_ISA_USAGE = YES_ERROR;
				CLANG_WARN_DOCUMENTATION_COMMENTS = YES;
				CLANG_WARN_EMPTY_BODY = YES;
				CLANG_WARN_ENUM_CONVERSION = YES;
				CLANG_WARN_INFINITE_RECURSION = YES;
				CLANG_WARN_INT_CONVERSION = YES;
				CLANG_WARN_NON_LITERAL_NULL_CONVERSION = YES;
				CLANG_WARN_OBJC_IMPLICIT_RETAIN_SELF = YES;
				CLANG_WARN_OBJC_LITERAL_CONVERSION = YES;
				CLANG_WARN_OBJC_ROOT_CLASS = YES_ERROR;
				CLANG_WARN_QUOTED_INCLUDE_IN_FRAMEWORK_HEADER = YES;
				CLANG_WARN_RANGE_LOOP_ANALYSIS = YES;
				CLANG_WARN_STRICT_PROTOTYPES = YES;
				CLANG_WARN_SUSPICIOUS_MOVE = YES;
				CLANG_WARN_UNGUARDED_AVAILABILITY = YES_AGGRESSIVE;
				CLANG_WARN_UNREACHABLE_CODE = YES;
				CLANG_WARN__DUPLICATE_METHOD_MATCH = YES;
				COPY_PHASE_STRIP = NO;
				DEBUG_INFORMATION_FORMAT = dwarf;
				ENABLE_STRICT_OBJC_MSGSEND = YES;
				ENABLE_TESTABILITY = YES;
				GCC_C_LANGUAGE_STANDARD = gnu11;
				GCC_DYNAMIC_NO_PIC = NO;
				GCC_NO_COMMON_BLOCKS = YES;
				GCC_OPTIMIZATION_LEVEL = 0;
				GCC_PREPROCESSOR_DEFINITIONS = (
					"DEBUG=1",
					"$(inherited)",
				);
				GCC_WARN_64_TO_32_BIT_CONVERSION = YES;
				GCC_WARN_ABOUT_RETURN_TYPE = YES_ERROR;
				GCC_WARN_UNDECLARED_SELECTOR = YES;
				GCC_WARN_UNINITIALIZED_AUTOS = YES_AGGRESSIVE;
				GCC_WARN_UNUSED_FUNCTION = YES;
				GCC_WARN_UNUSED_VARIABLE = YES;
				IPHONEOS_DEPLOYMENT_TARGET = 15.4;
				MTL_ENABLE_DEBUG_INFO = INCLUDE_SOURCE;
				MTL_FAST_MATH = YES;
				ONLY_ACTIVE_ARCH = YES;
				SDKROOT = iphoneos;
				SWIFT_ACTIVE_COMPILATION_CONDITIONS = DEBUG;
				SWIFT_OPTIMIZATION_LEVEL = "-Onone";
			};
			name = Debug;
		};
		BA42930728E297CD0045F44B /* Release */ = {
			isa = XCBuildConfiguration;
			buildSettings = {
				ALWAYS_SEARCH_USER_PATHS = NO;
				CLANG_ANALYZER_NONNULL = YES;
				CLANG_ANALYZER_NUMBER_OBJECT_CONVERSION = YES_AGGRESSIVE;
				CLANG_CXX_LANGUAGE_STANDARD = "gnu++17";
				CLANG_ENABLE_MODULES = YES;
				CLANG_ENABLE_OBJC_ARC = YES;
				CLANG_ENABLE_OBJC_WEAK = YES;
				CLANG_WARN_BLOCK_CAPTURE_AUTORELEASING = YES;
				CLANG_WARN_BOOL_CONVERSION = YES;
				CLANG_WARN_COMMA = YES;
				CLANG_WARN_CONSTANT_CONVERSION = YES;
				CLANG_WARN_DEPRECATED_OBJC_IMPLEMENTATIONS = YES;
				CLANG_WARN_DIRECT_OBJC_ISA_USAGE = YES_ERROR;
				CLANG_WARN_DOCUMENTATION_COMMENTS = YES;
				CLANG_WARN_EMPTY_BODY = YES;
				CLANG_WARN_ENUM_CONVERSION = YES;
				CLANG_WARN_INFINITE_RECURSION = YES;
				CLANG_WARN_INT_CONVERSION = YES;
				CLANG_WARN_NON_LITERAL_NULL_CONVERSION = YES;
				CLANG_WARN_OBJC_IMPLICIT_RETAIN_SELF = YES;
				CLANG_WARN_OBJC_LITERAL_CONVERSION = YES;
				CLANG_WARN_OBJC_ROOT_CLASS = YES_ERROR;
				CLANG_WARN_QUOTED_INCLUDE_IN_FRAMEWORK_HEADER = YES;
				CLANG_WARN_RANGE_LOOP_ANALYSIS = YES;
				CLANG_WARN_STRICT_PROTOTYPES = YES;
				CLANG_WARN_SUSPICIOUS_MOVE = YES;
				CLANG_WARN_UNGUARDED_AVAILABILITY = YES_AGGRESSIVE;
				CLANG_WARN_UNREACHABLE_CODE = YES;
				CLANG_WARN__DUPLICATE_METHOD_MATCH = YES;
				COPY_PHASE_STRIP = NO;
				DEBUG_INFORMATION_FORMAT = "dwarf-with-dsym";
				ENABLE_NS_ASSERTIONS = NO;
				ENABLE_STRICT_OBJC_MSGSEND = YES;
				GCC_C_LANGUAGE_STANDARD = gnu11;
				GCC_NO_COMMON_BLOCKS = YES;
				GCC_WARN_64_TO_32_BIT_CONVERSION = YES;
				GCC_WARN_ABOUT_RETURN_TYPE = YES_ERROR;
				GCC_WARN_UNDECLARED_SELECTOR = YES;
				GCC_WARN_UNINITIALIZED_AUTOS = YES_AGGRESSIVE;
				GCC_WARN_UNUSED_FUNCTION = YES;
				GCC_WARN_UNUSED_VARIABLE = YES;
				IPHONEOS_DEPLOYMENT_TARGET = 15.4;
				MTL_ENABLE_DEBUG_INFO = NO;
				MTL_FAST_MATH = YES;
				SDKROOT = iphoneos;
				SWIFT_COMPILATION_MODE = wholemodule;
				SWIFT_OPTIMIZATION_LEVEL = "-O";
				VALIDATE_PRODUCT = YES;
			};
			name = Release;
		};
		BA42930928E297CD0045F44B /* Debug */ = {
			isa = XCBuildConfiguration;
			baseConfigurationReference = 5D7314AF167587CADE3682FF /* Pods-Movies.debug.xcconfig */;
			buildSettings = {
				ASSETCATALOG_COMPILER_APPICON_NAME = AppIcon;
				ASSETCATALOG_COMPILER_GLOBAL_ACCENT_COLOR_NAME = AccentColor;
				CODE_SIGN_STYLE = Automatic;
				CURRENT_PROJECT_VERSION = 1;
				GENERATE_INFOPLIST_FILE = YES;
				INFOPLIST_FILE = "/Users/muthuraja/Documents/Barath/Assesment Task/movies github/movies/Movies/Resources/Info.plist";
				INFOPLIST_KEY_UIApplicationSupportsIndirectInputEvents = YES;
				INFOPLIST_KEY_UILaunchStoryboardName = LaunchScreen;
				INFOPLIST_KEY_UIMainStoryboardFile = Main;
				INFOPLIST_KEY_UISupportedInterfaceOrientations_iPad = "UIInterfaceOrientationPortrait UIInterfaceOrientationPortraitUpsideDown UIInterfaceOrientationLandscapeLeft UIInterfaceOrientationLandscapeRight";
				INFOPLIST_KEY_UISupportedInterfaceOrientations_iPhone = "UIInterfaceOrientationPortrait UIInterfaceOrientationLandscapeLeft UIInterfaceOrientationLandscapeRight";
				IPHONEOS_DEPLOYMENT_TARGET = 13.1;
				LD_RUNPATH_SEARCH_PATHS = (
					"$(inherited)",
					"@executable_path/Frameworks",
				);
				MARKETING_VERSION = 1.0;
				PRODUCT_BUNDLE_IDENTIFIER = com.Voiro.Movies;
				PRODUCT_NAME = "$(TARGET_NAME)";
				SWIFT_EMIT_LOC_STRINGS = YES;
				SWIFT_VERSION = 5.0;
				TARGETED_DEVICE_FAMILY = "1,2";
			};
			name = Debug;
		};
		BA42930A28E297CD0045F44B /* Release */ = {
			isa = XCBuildConfiguration;
			baseConfigurationReference = C147E1524CD4E2026257AB7A /* Pods-Movies.release.xcconfig */;
			buildSettings = {
				ASSETCATALOG_COMPILER_APPICON_NAME = AppIcon;
				ASSETCATALOG_COMPILER_GLOBAL_ACCENT_COLOR_NAME = AccentColor;
				CODE_SIGN_STYLE = Automatic;
				CURRENT_PROJECT_VERSION = 1;
				GENERATE_INFOPLIST_FILE = YES;
				INFOPLIST_FILE = "/Users/muthuraja/Documents/Barath/Assesment Task/movies github/movies/Movies/Resources/Info.plist";
				INFOPLIST_KEY_UIApplicationSupportsIndirectInputEvents = YES;
				INFOPLIST_KEY_UILaunchStoryboardName = LaunchScreen;
				INFOPLIST_KEY_UIMainStoryboardFile = Main;
				INFOPLIST_KEY_UISupportedInterfaceOrientations_iPad = "UIInterfaceOrientationPortrait UIInterfaceOrientationPortraitUpsideDown UIInterfaceOrientationLandscapeLeft UIInterfaceOrientationLandscapeRight";
				INFOPLIST_KEY_UISupportedInterfaceOrientations_iPhone = "UIInterfaceOrientationPortrait UIInterfaceOrientationLandscapeLeft UIInterfaceOrientationLandscapeRight";
				IPHONEOS_DEPLOYMENT_TARGET = 13.1;
				LD_RUNPATH_SEARCH_PATHS = (
					"$(inherited)",
					"@executable_path/Frameworks",
				);
				MARKETING_VERSION = 1.0;
				PRODUCT_BUNDLE_IDENTIFIER = com.Voiro.Movies;
				PRODUCT_NAME = "$(TARGET_NAME)";
				SWIFT_EMIT_LOC_STRINGS = YES;
				SWIFT_VERSION = 5.0;
				TARGETED_DEVICE_FAMILY = "1,2";
			};
			name = Release;
		};
/* End XCBuildConfiguration section */

/* Begin XCConfigurationList section */
		BA4292EF28E297C90045F44B /* Build configuration list for PBXProject "Movies" */ = {
			isa = XCConfigurationList;
			buildConfigurations = (
				BA42930628E297CD0045F44B /* Debug */,
				BA42930728E297CD0045F44B /* Release */,
			);
			defaultConfigurationIsVisible = 0;
			defaultConfigurationName = Release;
		};
		BA42930828E297CD0045F44B /* Build configuration list for PBXNativeTarget "Movies" */ = {
			isa = XCConfigurationList;
			buildConfigurations = (
				BA42930928E297CD0045F44B /* Debug */,
				BA42930A28E297CD0045F44B /* Release */,
			);
			defaultConfigurationIsVisible = 0;
			defaultConfigurationName = Release;
		};
/* End XCConfigurationList section */
	};
	rootObject = BA4292EC28E297C90045F44B /* Project object */;
}
